// !$*UTF8*$!
{
	archiveVersion = 1;
	classes = {
	};
	objectVersion = 50;
	objects = {

/* Begin PBXBuildFile section */
		2C15D657220DCC4D00951BFD /* AppDelegate.swift in Sources */ = {isa = PBXBuildFile; fileRef = 2C15D656220DCC4D00951BFD /* AppDelegate.swift */; };
		2C15D659220DCC4D00951BFD /* ViewController.swift in Sources */ = {isa = PBXBuildFile; fileRef = 2C15D658220DCC4D00951BFD /* ViewController.swift */; };
		2C15D65C220DCC4D00951BFD /* Main.storyboard in Resources */ = {isa = PBXBuildFile; fileRef = 2C15D65A220DCC4D00951BFD /* Main.storyboard */; };
		2C15D65E220DCC5100951BFD /* Assets.xcassets in Resources */ = {isa = PBXBuildFile; fileRef = 2C15D65D220DCC5100951BFD /* Assets.xcassets */; };
		2C15D661220DCC5100951BFD /* LaunchScreen.storyboard in Resources */ = {isa = PBXBuildFile; fileRef = 2C15D65F220DCC5100951BFD /* LaunchScreen.storyboard */; };
		2C15D66C220DCC5100951BFD /* MemeMeTests.swift in Sources */ = {isa = PBXBuildFile; fileRef = 2C15D66B220DCC5100951BFD /* MemeMeTests.swift */; };
		2C15D677220DCC5100951BFD /* MemeMeUITests.swift in Sources */ = {isa = PBXBuildFile; fileRef = 2C15D676220DCC5100951BFD /* MemeMeUITests.swift */; };
		2C15D687220E342700951BFD /* meme.swift in Sources */ = {isa = PBXBuildFile; fileRef = 2C15D686220E342700951BFD /* meme.swift */; };
/* End PBXBuildFile section */

/* Begin PBXContainerItemProxy section */
		2C15D668220DCC5100951BFD /* PBXContainerItemProxy */ = {
			isa = PBXContainerItemProxy;
			containerPortal = 2C15D64B220DCC4D00951BFD /* Project object */;
			proxyType = 1;
			remoteGlobalIDString = 2C15D652220DCC4D00951BFD;
			remoteInfo = MemeMe;
		};
		2C15D673220DCC5100951BFD /* PBXContainerItemProxy */ = {
			isa = PBXContainerItemProxy;
			containerPortal = 2C15D64B220DCC4D00951BFD /* Project object */;
			proxyType = 1;
			remoteGlobalIDString = 2C15D652220DCC4D00951BFD;
			remoteInfo = MemeMe;
		};
/* End PBXContainerItemProxy section */

/* Begin PBXFileReference section */
		2C15D653220DCC4D00951BFD /* MemeMe.app */ = {isa = PBXFileReference; explicitFileType = wrapper.application; includeInIndex = 0; path = MemeMe.app; sourceTree = BUILT_PRODUCTS_DIR; };
		2C15D656220DCC4D00951BFD /* AppDelegate.swift */ = {isa = PBXFileReference; lastKnownFileType = sourcecode.swift; path = AppDelegate.swift; sourceTree = "<group>"; };
		2C15D658220DCC4D00951BFD /* ViewController.swift */ = {isa = PBXFileReference; lastKnownFileType = sourcecode.swift; path = ViewController.swift; sourceTree = "<group>"; };
		2C15D65B220DCC4D00951BFD /* Base */ = {isa = PBXFileReference; lastKnownFileType = file.storyboard; name = Base; path = Base.lproj/Main.storyboard; sourceTree = "<group>"; };
		2C15D65D220DCC5100951BFD /* Assets.xcassets */ = {isa = PBXFileReference; lastKnownFileType = folder.assetcatalog; path = Assets.xcassets; sourceTree = "<group>"; };
		2C15D660220DCC5100951BFD /* Base */ = {isa = PBXFileReference; lastKnownFileType = file.storyboard; name = Base; path = Base.lproj/LaunchScreen.storyboard; sourceTree = "<group>"; };
		2C15D662220DCC5100951BFD /* Info.plist */ = {isa = PBXFileReference; lastKnownFileType = text.plist.xml; path = Info.plist; sourceTree = "<group>"; };
		2C15D667220DCC5100951BFD /* MemeMeTests.xctest */ = {isa = PBXFileReference; explicitFileType = wrapper.cfbundle; includeInIndex = 0; path = MemeMeTests.xctest; sourceTree = BUILT_PRODUCTS_DIR; };
		2C15D66B220DCC5100951BFD /* MemeMeTests.swift */ = {isa = PBXFileReference; lastKnownFileType = sourcecode.swift; path = MemeMeTests.swift; sourceTree = "<group>"; };
		2C15D66D220DCC5100951BFD /* Info.plist */ = {isa = PBXFileReference; lastKnownFileType = text.plist.xml; path = Info.plist; sourceTree = "<group>"; };
		2C15D672220DCC5100951BFD /* MemeMeUITests.xctest */ = {isa = PBXFileReference; explicitFileType = wrapper.cfbundle; includeInIndex = 0; path = MemeMeUITests.xctest; sourceTree = BUILT_PRODUCTS_DIR; };
		2C15D676220DCC5100951BFD /* MemeMeUITests.swift */ = {isa = PBXFileReference; lastKnownFileType = sourcecode.swift; path = MemeMeUITests.swift; sourceTree = "<group>"; };
		2C15D678220DCC5100951BFD /* Info.plist */ = {isa = PBXFileReference; lastKnownFileType = text.plist.xml; path = Info.plist; sourceTree = "<group>"; };
		2C15D686220E342700951BFD /* meme.swift */ = {isa = PBXFileReference; lastKnownFileType = sourcecode.swift; path = meme.swift; sourceTree = "<group>"; };
/* End PBXFileReference section */

/* Begin PBXFrameworksBuildPhase section */
		2C15D650220DCC4D00951BFD /* Frameworks */ = {
			isa = PBXFrameworksBuildPhase;
			buildActionMask = 2147483647;
			files = (
			);
			runOnlyForDeploymentPostprocessing = 0;
		};
		2C15D664220DCC5100951BFD /* Frameworks */ = {
			isa = PBXFrameworksBuildPhase;
			buildActionMask = 2147483647;
			files = (
			);
			runOnlyForDeploymentPostprocessing = 0;
		};
		2C15D66F220DCC5100951BFD /* Frameworks */ = {
			isa = PBXFrameworksBuildPhase;
			buildActionMask = 2147483647;
			files = (
			);
			runOnlyForDeploymentPostprocessing = 0;
		};
/* End PBXFrameworksBuildPhase section */

/* Begin PBXGroup section */
		2C15D64A220DCC4D00951BFD = {
			isa = PBXGroup;
			children = (
				2C15D655220DCC4D00951BFD /* MemeMe */,
				2C15D66A220DCC5100951BFD /* MemeMeTests */,
				2C15D675220DCC5100951BFD /* MemeMeUITests */,
				2C15D654220DCC4D00951BFD /* Products */,
			);
			sourceTree = "<group>";
		};
		2C15D654220DCC4D00951BFD /* Products */ = {
			isa = PBXGroup;
			children = (
				2C15D653220DCC4D00951BFD /* MemeMe.app */,
				2C15D667220DCC5100951BFD /* MemeMeTests.xctest */,
				2C15D672220DCC5100951BFD /* MemeMeUITests.xctest */,
			);
			name = Products;
			sourceTree = "<group>";
		};
		2C15D655220DCC4D00951BFD /* MemeMe */ = {
			isa = PBXGroup;
			children = (
				2C15D656220DCC4D00951BFD /* AppDelegate.swift */,
				2C15D686220E342700951BFD /* meme.swift */,
				2C15D658220DCC4D00951BFD /* ViewController.swift */,
				2C15D65A220DCC4D00951BFD /* Main.storyboard */,
				2C15D65D220DCC5100951BFD /* Assets.xcassets */,
				2C15D65F220DCC5100951BFD /* LaunchScreen.storyboard */,
				2C15D662220DCC5100951BFD /* Info.plist */,
			);
			path = MemeMe;
			sourceTree = "<group>";
		};
		2C15D66A220DCC5100951BFD /* MemeMeTests */ = {
			isa = PBXGroup;
			children = (
				2C15D66B220DCC5100951BFD /* MemeMeTests.swift */,
				2C15D66D220DCC5100951BFD /* Info.plist */,
			);
			path = MemeMeTests;
			sourceTree = "<group>";
		};
		2C15D675220DCC5100951BFD /* MemeMeUITests */ = {
			isa = PBXGroup;
			children = (
				2C15D676220DCC5100951BFD /* MemeMeUITests.swift */,
				2C15D678220DCC5100951BFD /* Info.plist */,
			);
			path = MemeMeUITests;
			sourceTree = "<group>";
		};
/* End PBXGroup section */

/* Begin PBXNativeTarget section */
		2C15D652220DCC4D00951BFD /* MemeMe */ = {
			isa = PBXNativeTarget;
			buildConfigurationList = 2C15D67B220DCC5100951BFD /* Build configuration list for PBXNativeTarget "MemeMe" */;
			buildPhases = (
				2C15D64F220DCC4D00951BFD /* Sources */,
				2C15D650220DCC4D00951BFD /* Frameworks */,
				2C15D651220DCC4D00951BFD /* Resources */,
			);
			buildRules = (
			);
			dependencies = (
			);
			name = MemeMe;
			productName = MemeMe;
			productReference = 2C15D653220DCC4D00951BFD /* MemeMe.app */;
			productType = "com.apple.product-type.application";
		};
		2C15D666220DCC5100951BFD /* MemeMeTests */ = {
			isa = PBXNativeTarget;
			buildConfigurationList = 2C15D67E220DCC5100951BFD /* Build configuration list for PBXNativeTarget "MemeMeTests" */;
			buildPhases = (
				2C15D663220DCC5100951BFD /* Sources */,
				2C15D664220DCC5100951BFD /* Frameworks */,
				2C15D665220DCC5100951BFD /* Resources */,
			);
			buildRules = (
			);
			dependencies = (
				2C15D669220DCC5100951BFD /* PBXTargetDependency */,
			);
			name = MemeMeTests;
			productName = MemeMeTests;
			productReference = 2C15D667220DCC5100951BFD /* MemeMeTests.xctest */;
			productType = "com.apple.product-type.bundle.unit-test";
		};
		2C15D671220DCC5100951BFD /* MemeMeUITests */ = {
			isa = PBXNativeTarget;
			buildConfigurationList = 2C15D681220DCC5100951BFD /* Build configuration list for PBXNativeTarget "MemeMeUITests" */;
			buildPhases = (
				2C15D66E220DCC5100951BFD /* Sources */,
				2C15D66F220DCC5100951BFD /* Frameworks */,
				2C15D670220DCC5100951BFD /* Resources */,
			);
			buildRules = (
			);
			dependencies = (
				2C15D674220DCC5100951BFD /* PBXTargetDependency */,
			);
			name = MemeMeUITests;
			productName = MemeMeUITests;
			productReference = 2C15D672220DCC5100951BFD /* MemeMeUITests.xctest */;
			productType = "com.apple.product-type.bundle.ui-testing";
		};
/* End PBXNativeTarget section */

/* Begin PBXProject section */
		2C15D64B220DCC4D00951BFD /* Project object */ = {
			isa = PBXProject;
			attributes = {
				LastSwiftUpdateCheck = 1010;
				LastUpgradeCheck = 1010;
				ORGANIZATIONNAME = "Mohamad Basuony";
				TargetAttributes = {
					2C15D652220DCC4D00951BFD = {
						CreatedOnToolsVersion = 10.1;
					};
					2C15D666220DCC5100951BFD = {
						CreatedOnToolsVersion = 10.1;
						TestTargetID = 2C15D652220DCC4D00951BFD;
					};
					2C15D671220DCC5100951BFD = {
						CreatedOnToolsVersion = 10.1;
						TestTargetID = 2C15D652220DCC4D00951BFD;
					};
				};
			};
			buildConfigurationList = 2C15D64E220DCC4D00951BFD /* Build configuration list for PBXProject "MemeMe" */;
			compatibilityVersion = "Xcode 9.3";
			developmentRegion = en;
			hasScannedForEncodings = 0;
			knownRegions = (
				en,
				Base,
			);
			mainGroup = 2C15D64A220DCC4D00951BFD;
			productRefGroup = 2C15D654220DCC4D00951BFD /* Products */;
			projectDirPath = "";
			projectRoot = "";
			targets = (
				2C15D652220DCC4D00951BFD /* MemeMe */,
				2C15D666220DCC5100951BFD /* MemeMeTests */,
				2C15D671220DCC5100951BFD /* MemeMeUITests */,
			);
		};
/* End PBXProject section */

/* Begin PBXResourcesBuildPhase section */
		2C15D651220DCC4D00951BFD /* Resources */ = {
			isa = PBXResourcesBuildPhase;
			buildActionMask = 2147483647;
			files = (
				2C15D661220DCC5100951BFD /* LaunchScreen.storyboard in Resources */,
				2C15D65E220DCC5100951BFD /* Assets.xcassets in Resources */,
				2C15D65C220DCC4D00951BFD /* Main.storyboard in Resources */,
			);
			runOnlyForDeploymentPostprocessing = 0;
		};
		2C15D665220DCC5100951BFD /* Resources */ = {
			isa = PBXResourcesBuildPhase;
			buildActionMask = 2147483647;
			files = (
			);
			runOnlyForDeploymentPostprocessing = 0;
		};
		2C15D670220DCC5100951BFD /* Resources */ = {
			isa = PBXResourcesBuildPhase;
			buildActionMask = 2147483647;
			files = (
			);
			runOnlyForDeploymentPostprocessing = 0;
		};
/* End PBXResourcesBuildPhase section */

/* Begin PBXSourcesBuildPhase section */
		2C15D64F220DCC4D00951BFD /* Sources */ = {
			isa = PBXSourcesBuildPhase;
			buildActionMask = 2147483647;
			files = (
				2C15D659220DCC4D00951BFD /* ViewController.swift in Sources */,
				2C15D657220DCC4D00951BFD /* AppDelegate.swift in Sources */,
				2C15D687220E342700951BFD /* meme.swift in Sources */,
			);
			runOnlyForDeploymentPostprocessing = 0;
		};
		2C15D663220DCC5100951BFD /* Sources */ = {
			isa = PBXSourcesBuildPhase;
			buildActionMask = 2147483647;
			files = (
				2C15D66C220DCC5100951BFD /* MemeMeTests.swift in Sources */,
			);
			runOnlyForDeploymentPostprocessing = 0;
		};
		2C15D66E220DCC5100951BFD /* Sources */ = {
			isa = PBXSourcesBuildPhase;
			buildActionMask = 2147483647;
			files = (
				2C15D677220DCC5100951BFD /* MemeMeUITests.swift in Sources */,
			);
			runOnlyForDeploymentPostprocessing = 0;
		};
/* End PBXSourcesBuildPhase section */

/* Begin PBXTargetDependency section */
		2C15D669220DCC5100951BFD /* PBXTargetDependency */ = {
			isa = PBXTargetDependency;
			target = 2C15D652220DCC4D00951BFD /* MemeMe */;
			targetProxy = 2C15D668220DCC5100951BFD /* PBXContainerItemProxy */;
		};
		2C15D674220DCC5100951BFD /* PBXTargetDependency */ = {
			isa = PBXTargetDependency;
			target = 2C15D652220DCC4D00951BFD /* MemeMe */;
			targetProxy = 2C15D673220DCC5100951BFD /* PBXContainerItemProxy */;
		};
/* End PBXTargetDependency section */

/* Begin PBXVariantGroup section */
		2C15D65A220DCC4D00951BFD /* Main.storyboard */ = {
			isa = PBXVariantGroup;
			children = (
				2C15D65B220DCC4D00951BFD /* Base */,
			);
			name = Main.storyboard;
			sourceTree = "<group>";
		};
		2C15D65F220DCC5100951BFD /* LaunchScreen.storyboard */ = {
			isa = PBXVariantGroup;
			children = (
				2C15D660220DCC5100951BFD /* Base */,
			);
			name = LaunchScreen.storyboard;
			sourceTree = "<group>";
		};
/* End PBXVariantGroup section */

/* Begin XCBuildConfiguration section */
		2C15D679220DCC5100951BFD /* Debug */ = {
			isa = XCBuildConfiguration;
			buildSettings = {
				ALWAYS_SEARCH_USER_PATHS = NO;
				CLANG_ANALYZER_NONNULL = YES;
				CLANG_ANALYZER_NUMBER_OBJECT_CONVERSION = YES_AGGRESSIVE;
				CLANG_CXX_LANGUAGE_STANDARD = "gnu++14";
				CLANG_CXX_LIBRARY = "libc++";
				CLANG_ENABLE_MODULES = YES;
				CLANG_ENABLE_OBJC_ARC = YES;
				CLANG_ENABLE_OBJC_WEAK = YES;
				CLANG_WARN_BLOCK_CAPTURE_AUTORELEASING = YES;
				CLANG_WARN_BOOL_CONVERSION = YES;
				CLANG_WARN_COMMA = YES;
				CLANG_WARN_CONSTANT_CONVERSION = YES;
				CLANG_WARN_DEPRECATED_OBJC_IMPLEMENTATIONS = YES;
				CLANG_WARN_DIRECT_OBJC_ISA_USAGE = YES_ERROR;
				CLANG_WARN_DOCUMENTATION_COMMENTS = YES;
				CLANG_WARN_EMPTY_BODY = YES;
				CLANG_WARN_ENUM_CONVERSION = YES;
				CLANG_WARN_INFINITE_RECURSION = YES;
				CLANG_WARN_INT_CONVERSION = YES;
				CLANG_WARN_NON_LITERAL_NULL_CONVERSION = YES;
				CLANG_WARN_OBJC_IMPLICIT_RETAIN_SELF = YES;
				CLANG_WARN_OBJC_LITERAL_CONVERSION = YES;
				CLANG_WARN_OBJC_ROOT_CLASS = YES_ERROR;
				CLANG_WARN_RANGE_LOOP_ANALYSIS = YES;
				CLANG_WARN_STRICT_PROTOTYPES = YES;
				CLANG_WARN_SUSPICIOUS_MOVE = YES;
				CLANG_WARN_UNGUARDED_AVAILABILITY = YES_AGGRESSIVE;
				CLANG_WARN_UNREACHABLE_CODE = YES;
				CLANG_WARN__DUPLICATE_METHOD_MATCH = YES;
				CODE_SIGN_IDENTITY = "iPhone Developer";
				COPY_PHASE_STRIP = NO;
				DEBUG_INFORMATION_FORMAT = dwarf;
				ENABLE_STRICT_OBJC_MSGSEND = YES;
				ENABLE_TESTABILITY = YES;
				GCC_C_LANGUAGE_STANDARD = gnu11;
				GCC_DYNAMIC_NO_PIC = NO;
				GCC_NO_COMMON_BLOCKS = YES;
				GCC_OPTIMIZATION_LEVEL = 0;
				GCC_PREPROCESSOR_DEFINITIONS = (
					"DEBUG=1",
					"$(inherited)",
				);
				GCC_WARN_64_TO_32_BIT_CONVERSION = YES;
				GCC_WARN_ABOUT_RETURN_TYPE = YES_ERROR;
				GCC_WARN_UNDECLARED_SELECTOR = YES;
				GCC_WARN_UNINITIALIZED_AUTOS = YES_AGGRESSIVE;
				GCC_WARN_UNUSED_FUNCTION = YES;
				GCC_WARN_UNUSED_VARIABLE = YES;
				IPHONEOS_DEPLOYMENT_TARGET = 12.1;
				MTL_ENABLE_DEBUG_INFO = INCLUDE_SOURCE;
				MTL_FAST_MATH = YES;
				ONLY_ACTIVE_ARCH = YES;
				SDKROOT = iphoneos;
				SWIFT_ACTIVE_COMPILATION_CONDITIONS = DEBUG;
				SWIFT_OPTIMIZATION_LEVEL = "-Onone";
			};
			name = Debug;
		};
		2C15D67A220DCC5100951BFD /* Release */ = {
			isa = XCBuildConfiguration;
			buildSettings = {
				ALWAYS_SEARCH_USER_PATHS = NO;
				CLANG_ANALYZER_NONNULL = YES;
				CLANG_ANALYZER_NUMBER_OBJECT_CONVERSION = YES_AGGRESSIVE;
				CLANG_CXX_LANGUAGE_STANDARD = "gnu++14";
				CLANG_CXX_LIBRARY = "libc++";
				CLANG_ENABLE_MODULES = YES;
				CLANG_ENABLE_OBJC_ARC = YES;
				CLANG_ENABLE_OBJC_WEAK = YES;
				CLANG_WARN_BLOCK_CAPTURE_AUTORELEASING = YES;
				CLANG_WARN_BOOL_CONVERSION = YES;
				CLANG_WARN_COMMA = YES;
				CLANG_WARN_CONSTANT_CONVERSION = YES;
				CLANG_WARN_DEPRECATED_OBJC_IMPLEMENTATIONS = YES;
				CLANG_WARN_DIRECT_OBJC_ISA_USAGE = YES_ERROR;
				CLANG_WARN_DOCUMENTATION_COMMENTS = YES;
				CLANG_WARN_EMPTY_BODY = YES;
				CLANG_WARN_ENUM_CONVERSION = YES;
				CLANG_WARN_INFINITE_RECURSION = YES;
				CLANG_WARN_INT_CONVERSION = YES;
				CLANG_WARN_NON_LITERAL_NULL_CONVERSION = YES;
				CLANG_WARN_OBJC_IMPLICIT_RETAIN_SELF = YES;
				CLANG_WARN_OBJC_LITERAL_CONVERSION = YES;
				CLANG_WARN_OBJC_ROOT_CLASS = YES_ERROR;
				CLANG_WARN_RANGE_LOOP_ANALYSIS = YES;
				CLANG_WARN_STRICT_PROTOTYPES = YES;
				CLANG_WARN_SUSPICIOUS_MOVE = YES;
				CLANG_WARN_UNGUARDED_AVAILABILITY = YES_AGGRESSIVE;
				CLANG_WARN_UNREACHABLE_CODE = YES;
				CLANG_WARN__DUPLICATE_METHOD_MATCH = YES;
				CODE_SIGN_IDENTITY = "iPhone Developer";
				COPY_PHASE_STRIP = NO;
				DEBUG_INFORMATION_FORMAT = "dwarf-with-dsym";
				ENABLE_NS_ASSERTIONS = NO;
				ENABLE_STRICT_OBJC_MSGSEND = YES;
				GCC_C_LANGUAGE_STANDARD = gnu11;
				GCC_NO_COMMON_BLOCKS = YES;
				GCC_WARN_64_TO_32_BIT_CONVERSION = YES;
				GCC_WARN_ABOUT_RETURN_TYPE = YES_ERROR;
				GCC_WARN_UNDECLARED_SELECTOR = YES;
				GCC_WARN_UNINITIALIZED_AUTOS = YES_AGGRESSIVE;
				GCC_WARN_UNUSED_FUNCTION = YES;
				GCC_WARN_UNUSED_VARIABLE = YES;
				IPHONEOS_DEPLOYMENT_TARGET = 12.1;
				MTL_ENABLE_DEBUG_INFO = NO;
				MTL_FAST_MATH = YES;
				SDKROOT = iphoneos;
				SWIFT_COMPILATION_MODE = wholemodule;
				SWIFT_OPTIMIZATION_LEVEL = "-O";
				VALIDATE_PRODUCT = YES;
			};
			name = Release;
		};
		2C15D67C220DCC5100951BFD /* Debug */ = {
			isa = XCBuildConfiguration;
			buildSettings = {
				ASSETCATALOG_COMPILER_APPICON_NAME = AppIcon;
				CODE_SIGN_STYLE = Automatic;
				DEVELOPMENT_TEAM = "";
				INFOPLIST_FILE = MemeMe/Info.plist;
				LD_RUNPATH_SEARCH_PATHS = (
					"$(inherited)",
					"@executable_path/Frameworks",
				);
				PRODUCT_BUNDLE_IDENTIFIER = com.MohamedElaraby.MemeMe;
				PRODUCT_NAME = "$(TARGET_NAME)";
				SWIFT_VERSION = 4.2;
				TARGETED_DEVICE_FAMILY = "1,2";
			};
			name = Debug;
		};
		2C15D67D220DCC5100951BFD /* Release */ = {
			isa = XCBuildConfiguration;
			buildSettings = {
				ASSETCATALOG_COMPILER_APPICON_NAME = AppIcon;
				CODE_SIGN_STYLE = Automatic;
				DEVELOPMENT_TEAM = "";
				INFOPLIST_FILE = MemeMe/Info.plist;
				LD_RUNPATH_SEARCH_PATHS = (
					"$(inherited)",
					"@executable_path/Frameworks",
				);
				PRODUCT_BUNDLE_IDENTIFIER = com.MohamedElaraby.MemeMe;
				PRODUCT_NAME = "$(TARGET_NAME)";
				SWIFT_VERSION = 4.2;
				TARGETED_DEVICE_FAMILY = "1,2";
			};
			name = Release;
		};
		2C15D67F220DCC5100951BFD /* Debug */ = {
			isa = XCBuildConfiguration;
			buildSettings = {
				ALWAYS_EMBED_SWIFT_STANDARD_LIBRARIES = YES;
				BUNDLE_LOADER = "$(TEST_HOST)";
				CODE_SIGN_STYLE = Automatic;
				INFOPLIST_FILE = MemeMeTests/Info.plist;
				LD_RUNPATH_SEARCH_PATHS = (
					"$(inherited)",
					"@executable_path/Frameworks",
					"@loader_path/Frameworks",
				);
				PRODUCT_BUNDLE_IDENTIFIER = com.MohamadBasuony.MemeMeTests;
				PRODUCT_NAME = "$(TARGET_NAME)";
				SWIFT_VERSION = 4.2;
				TARGETED_DEVICE_FAMILY = "1,2";
				TEST_HOST = "$(BUILT_PRODUCTS_DIR)/MemeMe.app/MemeMe";
			};
			name = Debug;
		};
		2C15D680220DCC5100951BFD /* Release */ = {
			isa = XCBuildConfiguration;
			buildSettings = {
				ALWAYS_EMBED_SWIFT_STANDARD_LIBRARIES = YES;
				BUNDLE_LOADER = "$(TEST_HOST)";
				CODE_SIGN_STYLE = Automatic;
				INFOPLIST_FILE = MemeMeTests/Info.plist;
				LD_RUNPATH_SEARCH_PATHS = (
					"$(inherited)",
					"@executable_path/Frameworks",
					"@loader_path/Frameworks",
				);
				PRODUCT_BUNDLE_IDENTIFIER = com.MohamadBasuony.MemeMeTests;
				PRODUCT_NAME = "$(TARGET_NAME)";
				SWIFT_VERSION = 4.2;
				TARGETED_DEVICE_FAMILY = "1,2";
				TEST_HOST = "$(BUILT_PRODUCTS_DIR)/MemeMe.app/MemeMe";
			};
			name = Release;
		};
		2C15D682220DCC5100951BFD /* Debug */ = {
			isa = XCBuildConfiguration;
			buildSettings = {
				ALWAYS_EMBED_SWIFT_STANDARD_LIBRARIES = YES;
				CODE_SIGN_STYLE = Automatic;
				INFOPLIST_FILE = MemeMeUITests/Info.plist;
				LD_RUNPATH_SEARCH_PATHS = (
					"$(inherited)",
					"@executable_path/Frameworks",
					"@loader_path/Frameworks",
				);
				PRODUCT_BUNDLE_IDENTIFIER = com.MohamadBasuony.MemeMeUITests;
				PRODUCT_NAME = "$(TARGET_NAME)";
				SWIFT_VERSION = 4.2;
				TARGETED_DEVICE_FAMILY = "1,2";
				TEST_TARGET_NAME = MemeMe;
			};
			name = Debug;
		};
		2C15D683220DCC5100951BFD /* Release */ = {
			isa = XCBuildConfiguration;
			buildSettings = {
				ALWAYS_EMBED_SWIFT_STANDARD_LIBRARIES = YES;
				CODE_SIGN_STYLE = Automatic;
				INFOPLIST_FILE = MemeMeUITests/Info.plist;
				LD_RUNPATH_SEARCH_PATHS = (
					"$(inherited)",
					"@executable_path/Frameworks",
					"@loader_path/Frameworks",
				);
				PRODUCT_BUNDLE_IDENTIFIER = com.MohamadBasuony.MemeMeUITests;
				PRODUCT_NAME = "$(TARGET_NAME)";
				SWIFT_VERSION = 4.2;
				TARGETED_DEVICE_FAMILY = "1,2";
				TEST_TARGET_NAME = MemeMe;
			};
			name = Release;
		};
/* End XCBuildConfiguration section */

/* Begin XCConfigurationList section */
		2C15D64E220DCC4D00951BFD /* Build configuration list for PBXProject "MemeMe" */ = {
			isa = XCConfigurationList;
			buildConfigurations = (
				2C15D679220DCC5100951BFD /* Debug */,
				2C15D67A220DCC5100951BFD /* Release */,
			);
			defaultConfigurationIsVisible = 0;
			defaultConfigurationName = Release;
		};
		2C15D67B220DCC5100951BFD /* Build configuration list for PBXNativeTarget "MemeMe" */ = {
			isa = XCConfigurationList;
			buildConfigurations = (
				2C15D67C220DCC5100951BFD /* Debug */,
				2C15D67D220DCC5100951BFD /* Release */,
			);
			defaultConfigurationIsVisible = 0;
			defaultConfigurationName = Release;
		};
		2C15D67E220DCC5100951BFD /* Build configuration list for PBXNativeTarget "MemeMeTests" */ = {
			isa = XCConfigurationList;
			buildConfigurations = (
				2C15D67F220DCC5100951BFD /* Debug */,
				2C15D680220DCC5100951BFD /* Release */,
			);
			defaultConfigurationIsVisible = 0;
			defaultConfigurationName = Release;
		};
		2C15D681220DCC5100951BFD /* Build configuration list for PBXNativeTarget "MemeMeUITests" */ = {
			isa = XCConfigurationList;
			buildConfigurations = (
				2C15D682220DCC5100951BFD /* Debug */,
				2C15D683220DCC5100951BFD /* Release */,
			);
			defaultConfigurationIsVisible = 0;
			defaultConfigurationName = Release;
		};
/* End XCConfigurationList section */
	};
	rootObject = 2C15D64B220DCC4D00951BFD /* Project object */;
}
